
Microsoft Visual Studio Solution File, Format Version 12.00
# Visual Studio Version 17
VisualStudioVersion = 17.0.32014.148
MinimumVisualStudioVersion = 10.0.40219.1
Project("{2150E333-8FDC-42A3-9474-1A3956D46DE8}") = "Domain", "Domain", "{DD838F39-138B-4B6E-BACA-8A4940BFF553}"
EndProject
Project("{2150E333-8FDC-42A3-9474-1A3956D46DE8}") = "Infra.Bus", "Infra.Bus", "{C57316AB-952A-4A8F-A469-902E1D87CE02}"
EndProject
Project("{2150E333-8FDC-42A3-9474-1A3956D46DE8}") = "Infra.IoC", "Infra.IoC", "{18628F33-98D0-43D4-8F37-8ED0BFF59A08}"
EndProject
Project("{2150E333-8FDC-42A3-9474-1A3956D46DE8}") = "Microservices", "Microservices", "{E0AD6ACF-A754-49F0-A898-AE1E5A8C5957}"
EndProject
Project("{9A19103F-16F7-4668-BE54-9A1E7A4F7556}") = "MicroRabbit.Domain.Core", "MicroRabbit.Domain.Core\MicroRabbit.Domain.Core.csproj", "{E1F90C48-B7B8-49A7-AF33-5AE9D7C9B9DB}"
EndProject
Project("{9A19103F-16F7-4668-BE54-9A1E7A4F7556}") = "MicroRabbit.Infra.Bus", "MicroRabbit.Infra.Bus\MicroRabbit.Infra.Bus.csproj", "{FE116644-CC50-4973-9F6C-75CD642450D1}"
EndProject
Project("{9A19103F-16F7-4668-BE54-9A1E7A4F7556}") = "MicorRabbit.Infra.IoC", "MicorRabbit.Infra.IoC\MicorRabbit.Infra.IoC.csproj", "{40183F12-2266-45AF-B083-694E6A42D942}"
EndProject
Project("{2150E333-8FDC-42A3-9474-1A3956D46DE8}") = "Banking", "Banking", "{1165969A-B574-4F29-8537-4F282695B839}"
EndProject
Project("{2150E333-8FDC-42A3-9474-1A3956D46DE8}") = "Api", "Api", "{D561DC00-37BE-4654-A61E-71941C58BE49}"
EndProject
Project("{2150E333-8FDC-42A3-9474-1A3956D46DE8}") = "Application", "Application", "{C4A4773C-92D7-4A14-A91F-95727617DF62}"
EndProject
Project("{2150E333-8FDC-42A3-9474-1A3956D46DE8}") = "Domain", "Domain", "{95F3D384-B030-4413-A29C-9AF24EF49ADB}"
EndProject
Project("{2150E333-8FDC-42A3-9474-1A3956D46DE8}") = "Data", "Data", "{D71FF35B-D4EE-45BC-8001-B9E47E29B9A2}"
EndProject
Project("{9A19103F-16F7-4668-BE54-9A1E7A4F7556}") = "MicroRabbit.Banking.Api", "MicroRabbit.Banking.Api\MicroRabbit.Banking.Api.csproj", "{6B048FC6-0D70-4784-98A6-3732903F684F}"
EndProject
Project("{9A19103F-16F7-4668-BE54-9A1E7A4F7556}") = "MicroRabbit.Banking.Data", "MicroRabbit.Banking.Data\MicroRabbit.Banking.Data.csproj", "{6FD339A1-3B6F-4FCD-9925-9ACC4B35C59A}"
EndProject
Project("{9A19103F-16F7-4668-BE54-9A1E7A4F7556}") = "MicroRabbit.Banking.Application", "MicroRabbit.Banking.Application\MicroRabbit.Banking.Application.csproj", "{69B5C081-879F-473D-A426-894BA4C92078}"
EndProject
Project("{9A19103F-16F7-4668-BE54-9A1E7A4F7556}") = "MicroRabbit.Banking.Domain", "MicroRabbit.Banking.Domain\MicroRabbit.Banking.Domain.csproj", "{A5151783-7275-4027-916C-9D3BB71DA8C8}"
EndProject
Project("{2150E333-8FDC-42A3-9474-1A3956D46DE8}") = "Transfer", "Transfer", "{D6049BBF-C862-4E62-9B9C-A5821D2D5DF7}"
EndProject
Project("{2150E333-8FDC-42A3-9474-1A3956D46DE8}") = "Api", "Api", "{4A576B81-D014-4A51-B1B9-2BD72A891169}"
EndProject
Project("{2150E333-8FDC-42A3-9474-1A3956D46DE8}") = "Application", "Application", "{EFDE18B4-A90E-4DDA-90CD-3FBBD5E9F5C9}"
EndProject
Project("{2150E333-8FDC-42A3-9474-1A3956D46DE8}") = "Data", "Data", "{7C277AB0-4995-4F4C-999A-94538DEF8012}"
EndProject
Project("{2150E333-8FDC-42A3-9474-1A3956D46DE8}") = "Domain", "Domain", "{51C094FD-BAA3-4E2B-9BF3-7DADBB4ABDEC}"
EndProject
Project("{FAE04EC0-301F-11D3-BF4B-00C04F79EFBC}") = "MicroRabbit.Transfer.Api", "MicroRabbit.Transfer.Api\MicroRabbit.Transfer.Api.csproj", "{CF93BEA0-DB5B-4F78-83E8-C8A0B5627939}"
EndProject
Project("{FAE04EC0-301F-11D3-BF4B-00C04F79EFBC}") = "MicroRabbit.Transfer.Application", "MicroRabbit.Transfer.Application\MicroRabbit.Transfer.Application.csproj", "{61EA66D5-C543-4C40-9886-0C514B035E56}"
EndProject
Project("{FAE04EC0-301F-11D3-BF4B-00C04F79EFBC}") = "MicroRabbit.Transfer.Data", "MicroRabbit.Transfer.Data\MicroRabbit.Transfer.Data.csproj", "{F39D3F85-C561-49EB-A7C8-6358B2785B15}"
EndProject
Project("{9A19103F-16F7-4668-BE54-9A1E7A4F7556}") = "MicroRabbit.Transfer.Domain", "MicroRabbit.Transfer.Domain\MicroRabbit.Transfer.Domain.csproj", "{411B7822-5C77-4AD6-993C-F8736FCC9B33}"
EndProject
Global
	GlobalSection(SolutionConfigurationPlatforms) = preSolution
		Debug|Any CPU = Debug|Any CPU
		Release|Any CPU = Release|Any CPU
	EndGlobalSection
	GlobalSection(ProjectConfigurationPlatforms) = postSolution
		{E1F90C48-B7B8-49A7-AF33-5AE9D7C9B9DB}.Debug|Any CPU.ActiveCfg = Debug|Any CPU
		{E1F90C48-B7B8-49A7-AF33-5AE9D7C9B9DB}.Debug|Any CPU.Build.0 = Debug|Any CPU
		{E1F90C48-B7B8-49A7-AF33-5AE9D7C9B9DB}.Release|Any CPU.ActiveCfg = Release|Any CPU
		{E1F90C48-B7B8-49A7-AF33-5AE9D7C9B9DB}.Release|Any CPU.Build.0 = Release|Any CPU
		{FE116644-CC50-4973-9F6C-75CD642450D1}.Debug|Any CPU.ActiveCfg = Debug|Any CPU
		{FE116644-CC50-4973-9F6C-75CD642450D1}.Debug|Any CPU.Build.0 = Debug|Any CPU
		{FE116644-CC50-4973-9F6C-75CD642450D1}.Release|Any CPU.ActiveCfg = Release|Any CPU
		{FE116644-CC50-4973-9F6C-75CD642450D1}.Release|Any CPU.Build.0 = Release|Any CPU
		{40183F12-2266-45AF-B083-694E6A42D942}.Debug|Any CPU.ActiveCfg = Debug|Any CPU
		{40183F12-2266-45AF-B083-694E6A42D942}.Debug|Any CPU.Build.0 = Debug|Any CPU
		{40183F12-2266-45AF-B083-694E6A42D942}.Release|Any CPU.ActiveCfg = Release|Any CPU
		{40183F12-2266-45AF-B083-694E6A42D942}.Release|Any CPU.Build.0 = Release|Any CPU
		{6B048FC6-0D70-4784-98A6-3732903F684F}.Debug|Any CPU.ActiveCfg = Debug|Any CPU
		{6B048FC6-0D70-4784-98A6-3732903F684F}.Debug|Any CPU.Build.0 = Debug|Any CPU
		{6B048FC6-0D70-4784-98A6-3732903F684F}.Release|Any CPU.ActiveCfg = Release|Any CPU
		{6B048FC6-0D70-4784-98A6-3732903F684F}.Release|Any CPU.Build.0 = Release|Any CPU
		{6FD339A1-3B6F-4FCD-9925-9ACC4B35C59A}.Debug|Any CPU.ActiveCfg = Debug|Any CPU
		{6FD339A1-3B6F-4FCD-9925-9ACC4B35C59A}.Debug|Any CPU.Build.0 = Debug|Any CPU
		{6FD339A1-3B6F-4FCD-9925-9ACC4B35C59A}.Release|Any CPU.ActiveCfg = Release|Any CPU
		{6FD339A1-3B6F-4FCD-9925-9ACC4B35C59A}.Release|Any CPU.Build.0 = Release|Any CPU
		{69B5C081-879F-473D-A426-894BA4C92078}.Debug|Any CPU.ActiveCfg = Debug|Any CPU
		{69B5C081-879F-473D-A426-894BA4C92078}.Debug|Any CPU.Build.0 = Debug|Any CPU
		{69B5C081-879F-473D-A426-894BA4C92078}.Release|Any CPU.ActiveCfg = Release|Any CPU
		{69B5C081-879F-473D-A426-894BA4C92078}.Release|Any CPU.Build.0 = Release|Any CPU
		{A5151783-7275-4027-916C-9D3BB71DA8C8}.Debug|Any CPU.ActiveCfg = Debug|Any CPU
		{A5151783-7275-4027-916C-9D3BB71DA8C8}.Debug|Any CPU.Build.0 = Debug|Any CPU
		{A5151783-7275-4027-916C-9D3BB71DA8C8}.Release|Any CPU.ActiveCfg = Release|Any CPU
		{A5151783-7275-4027-916C-9D3BB71DA8C8}.Release|Any CPU.Build.0 = Release|Any CPU
		{CF93BEA0-DB5B-4F78-83E8-C8A0B5627939}.Debug|Any CPU.ActiveCfg = Debug|Any CPU
		{CF93BEA0-DB5B-4F78-83E8-C8A0B5627939}.Debug|Any CPU.Build.0 = Debug|Any CPU
		{CF93BEA0-DB5B-4F78-83E8-C8A0B5627939}.Release|Any CPU.ActiveCfg = Release|Any CPU
		{CF93BEA0-DB5B-4F78-83E8-C8A0B5627939}.Release|Any CPU.Build.0 = Release|Any CPU
		{61EA66D5-C543-4C40-9886-0C514B035E56}.Debug|Any CPU.ActiveCfg = Debug|Any CPU
		{61EA66D5-C543-4C40-9886-0C514B035E56}.Debug|Any CPU.Build.0 = Debug|Any CPU
		{61EA66D5-C543-4C40-9886-0C514B035E56}.Release|Any CPU.ActiveCfg = Release|Any CPU
		{61EA66D5-C543-4C40-9886-0C514B035E56}.Release|Any CPU.Build.0 = Release|Any CPU
		{F39D3F85-C561-49EB-A7C8-6358B2785B15}.Debug|Any CPU.ActiveCfg = Debug|Any CPU
		{F39D3F85-C561-49EB-A7C8-6358B2785B15}.Debug|Any CPU.Build.0 = Debug|Any CPU
		{F39D3F85-C561-49EB-A7C8-6358B2785B15}.Release|Any CPU.ActiveCfg = Release|Any CPU
		{F39D3F85-C561-49EB-A7C8-6358B2785B15}.Release|Any CPU.Build.0 = Release|Any CPU
		{411B7822-5C77-4AD6-993C-F8736FCC9B33}.Debug|Any CPU.ActiveCfg = Debug|Any CPU
		{411B7822-5C77-4AD6-993C-F8736FCC9B33}.Debug|Any CPU.Build.0 = Debug|Any CPU
		{411B7822-5C77-4AD6-993C-F8736FCC9B33}.Release|Any CPU.ActiveCfg = Release|Any CPU
		{411B7822-5C77-4AD6-993C-F8736FCC9B33}.Release|Any CPU.Build.0 = Release|Any CPU
	EndGlobalSection
	GlobalSection(SolutionProperties) = preSolution
		HideSolutionNode = FALSE
	EndGlobalSection
	GlobalSection(NestedProjects) = preSolution
		{E1F90C48-B7B8-49A7-AF33-5AE9D7C9B9DB} = {DD838F39-138B-4B6E-BACA-8A4940BFF553}
		{FE116644-CC50-4973-9F6C-75CD642450D1} = {C57316AB-952A-4A8F-A469-902E1D87CE02}
		{40183F12-2266-45AF-B083-694E6A42D942} = {18628F33-98D0-43D4-8F37-8ED0BFF59A08}
		{1165969A-B574-4F29-8537-4F282695B839} = {E0AD6ACF-A754-49F0-A898-AE1E5A8C5957}
		{D561DC00-37BE-4654-A61E-71941C58BE49} = {1165969A-B574-4F29-8537-4F282695B839}
		{C4A4773C-92D7-4A14-A91F-95727617DF62} = {1165969A-B574-4F29-8537-4F282695B839}
		{95F3D384-B030-4413-A29C-9AF24EF49ADB} = {1165969A-B574-4F29-8537-4F282695B839}
		{D71FF35B-D4EE-45BC-8001-B9E47E29B9A2} = {1165969A-B574-4F29-8537-4F282695B839}
		{6B048FC6-0D70-4784-98A6-3732903F684F} = {D561DC00-37BE-4654-A61E-71941C58BE49}
		{6FD339A1-3B6F-4FCD-9925-9ACC4B35C59A} = {D71FF35B-D4EE-45BC-8001-B9E47E29B9A2}
		{69B5C081-879F-473D-A426-894BA4C92078} = {C4A4773C-92D7-4A14-A91F-95727617DF62}
		{A5151783-7275-4027-916C-9D3BB71DA8C8} = {95F3D384-B030-4413-A29C-9AF24EF49ADB}
		{D6049BBF-C862-4E62-9B9C-A5821D2D5DF7} = {E0AD6ACF-A754-49F0-A898-AE1E5A8C5957}
		{4A576B81-D014-4A51-B1B9-2BD72A891169} = {D6049BBF-C862-4E62-9B9C-A5821D2D5DF7}
		{EFDE18B4-A90E-4DDA-90CD-3FBBD5E9F5C9} = {D6049BBF-C862-4E62-9B9C-A5821D2D5DF7}
		{7C277AB0-4995-4F4C-999A-94538DEF8012} = {D6049BBF-C862-4E62-9B9C-A5821D2D5DF7}
		{51C094FD-BAA3-4E2B-9BF3-7DADBB4ABDEC} = {D6049BBF-C862-4E62-9B9C-A5821D2D5DF7}
		{CF93BEA0-DB5B-4F78-83E8-C8A0B5627939} = {4A576B81-D014-4A51-B1B9-2BD72A891169}
		{61EA66D5-C543-4C40-9886-0C514B035E56} = {EFDE18B4-A90E-4DDA-90CD-3FBBD5E9F5C9}
		{F39D3F85-C561-49EB-A7C8-6358B2785B15} = {7C277AB0-4995-4F4C-999A-94538DEF8012}
		{411B7822-5C77-4AD6-993C-F8736FCC9B33} = {51C094FD-BAA3-4E2B-9BF3-7DADBB4ABDEC}
	EndGlobalSection
	GlobalSection(ExtensibilityGlobals) = postSolution
		SolutionGuid = {4377B051-0342-46EA-90F7-3A90BA9C27C8}
	EndGlobalSection
EndGlobal
